
Microsoft Visual Studio Solution File, Format Version 12.00
# Visual Studio Version 17
VisualStudioVersion = 17.0.31919.166
MinimumVisualStudioVersion = 10.0.40219.1
Project("{FAE04EC0-301F-11D3-BF4B-00C04F79EFBC}") = "+Viagens", "+Viagens\+Viagens.csproj", "{FB0A439A-0740-44C8-8ED3-8EA2ED60336F}"
EndProject
Global
	GlobalSection(SolutionConfigurationPlatforms) = preSolution
		Debug|Any CPU = Debug|Any CPU
		Release|Any CPU = Release|Any CPU
	EndGlobalSection
	GlobalSection(ProjectConfigurationPlatforms) = postSolution
		{FB0A439A-0740-44C8-8ED3-8EA2ED60336F}.Debug|Any CPU.ActiveCfg = Debug|Any CPU
		{FB0A439A-0740-44C8-8ED3-8EA2ED60336F}.Debug|Any CPU.Build.0 = Debug|Any CPU
		{FB0A439A-0740-44C8-8ED3-8EA2ED60336F}.Release|Any CPU.ActiveCfg = Release|Any CPU
		{FB0A439A-0740-44C8-8ED3-8EA2ED60336F}.Release|Any CPU.Build.0 = Release|Any CPU
	EndGlobalSection
	GlobalSection(SolutionProperties) = preSolution
		HideSolutionNode = FALSE
	EndGlobalSection
	GlobalSection(ExtensibilityGlobals) = postSolution
		SolutionGuid = {1649A7D8-07DF-4CE3-A57B-9A3460FE3B5F}
	EndGlobalSection
EndGlobal
